
Microsoft Visual Studio Solution File, Format Version 12.00
# Visual Studio 15
VisualStudioVersion = 15.0.27130.2020
MinimumVisualStudioVersion = 10.0.40219.1
Project("{FAE04EC0-301F-11D3-BF4B-00C04F79EFBC}") = "DomainLayer", "DomainLayer\DomainLayer.csproj", "{C0EE3F4A-AC52-4808-8570-9C75E124CB59}"
EndProject
Project("{FAE04EC0-301F-11D3-BF4B-00C04F79EFBC}") = "ServiceLayer", "ServiceLayer\ServiceLayer.csproj", "{C8F22182-5456-4CA6-B55B-5E8BF0FA50F4}"
EndProject
Project("{FAE04EC0-301F-11D3-BF4B-00C04F79EFBC}") = "CommonComponents", "CommonComponents\CommonComponents.csproj", "{546C8875-B19A-4EAA-83B7-DC4E3BED3BCC}"
EndProject
Project("{FAE04EC0-301F-11D3-BF4B-00C04F79EFBC}") = "InfrastructureLayer", "InfrastructureLayer\InfrastructureLayer.csproj", "{DC6EECF8-A01A-4FAB-9481-55AC91BC4D69}"
EndProject
Project("{FAE04EC0-301F-11D3-BF4B-00C04F79EFBC}") = "PresentationLayer", "PresentationLayer\PresentationLayer.csproj", "{8D945250-11F6-483D-A455-9339C210FBD4}"
EndProject
Global
	GlobalSection(SolutionConfigurationPlatforms) = preSolution
		Debug|Any CPU = Debug|Any CPU
		Release|Any CPU = Release|Any CPU
	EndGlobalSection
	GlobalSection(ProjectConfigurationPlatforms) = postSolution
		{C0EE3F4A-AC52-4808-8570-9C75E124CB59}.Debug|Any CPU.ActiveCfg = Debug|Any CPU
		{C0EE3F4A-AC52-4808-8570-9C75E124CB59}.Debug|Any CPU.Build.0 = Debug|Any CPU
		{C0EE3F4A-AC52-4808-8570-9C75E124CB59}.Release|Any CPU.ActiveCfg = Release|Any CPU
		{C0EE3F4A-AC52-4808-8570-9C75E124CB59}.Release|Any CPU.Build.0 = Release|Any CPU
		{C8F22182-5456-4CA6-B55B-5E8BF0FA50F4}.Debug|Any CPU.ActiveCfg = Debug|Any CPU
		{C8F22182-5456-4CA6-B55B-5E8BF0FA50F4}.Debug|Any CPU.Build.0 = Debug|Any CPU
		{C8F22182-5456-4CA6-B55B-5E8BF0FA50F4}.Release|Any CPU.ActiveCfg = Release|Any CPU
		{C8F22182-5456-4CA6-B55B-5E8BF0FA50F4}.Release|Any CPU.Build.0 = Release|Any CPU
		{546C8875-B19A-4EAA-83B7-DC4E3BED3BCC}.Debug|Any CPU.ActiveCfg = Debug|Any CPU
		{546C8875-B19A-4EAA-83B7-DC4E3BED3BCC}.Debug|Any CPU.Build.0 = Debug|Any CPU
		{546C8875-B19A-4EAA-83B7-DC4E3BED3BCC}.Release|Any CPU.ActiveCfg = Release|Any CPU
		{546C8875-B19A-4EAA-83B7-DC4E3BED3BCC}.Release|Any CPU.Build.0 = Release|Any CPU
		{DC6EECF8-A01A-4FAB-9481-55AC91BC4D69}.Debug|Any CPU.ActiveCfg = Debug|Any CPU
		{DC6EECF8-A01A-4FAB-9481-55AC91BC4D69}.Debug|Any CPU.Build.0 = Debug|Any CPU
		{DC6EECF8-A01A-4FAB-9481-55AC91BC4D69}.Release|Any CPU.ActiveCfg = Release|Any CPU
		{DC6EECF8-A01A-4FAB-9481-55AC91BC4D69}.Release|Any CPU.Build.0 = Release|Any CPU
		{8D945250-11F6-483D-A455-9339C210FBD4}.Debug|Any CPU.ActiveCfg = Debug|Any CPU
		{8D945250-11F6-483D-A455-9339C210FBD4}.Debug|Any CPU.Build.0 = Debug|Any CPU
		{8D945250-11F6-483D-A455-9339C210FBD4}.Release|Any CPU.ActiveCfg = Release|Any CPU
		{8D945250-11F6-483D-A455-9339C210FBD4}.Release|Any CPU.Build.0 = Release|Any CPU
	EndGlobalSection
	GlobalSection(SolutionProperties) = preSolution
		HideSolutionNode = FALSE
	EndGlobalSection
	GlobalSection(ExtensibilityGlobals) = postSolution
		SolutionGuid = {46AE5432-952F-481B-B87C-E61BE097245B}
	EndGlobalSection
EndGlobal
